
Microsoft Visual Studio Solution File, Format Version 12.00
# Visual Studio Version 17
VisualStudioVersion = 17.2.32616.157
MinimumVisualStudioVersion = 10.0.40219.1
Project("{FAE04EC0-301F-11D3-BF4B-00C04F79EFBC}") = "SQLConncetionADO", "SQLConncetionADO\SQLConncetionADO.csproj", "{9062C545-3448-4679-9548-EA8973393058}"
EndProject
Global
	GlobalSection(SolutionConfigurationPlatforms) = preSolution
		Debug|Any CPU = Debug|Any CPU
		Release|Any CPU = Release|Any CPU
	EndGlobalSection
	GlobalSection(ProjectConfigurationPlatforms) = postSolution
		{9062C545-3448-4679-9548-EA8973393058}.Debug|Any CPU.ActiveCfg = Debug|Any CPU
		{9062C545-3448-4679-9548-EA8973393058}.Debug|Any CPU.Build.0 = Debug|Any CPU
		{9062C545-3448-4679-9548-EA8973393058}.Release|Any CPU.ActiveCfg = Release|Any CPU
		{9062C545-3448-4679-9548-EA8973393058}.Release|Any CPU.Build.0 = Release|Any CPU
	EndGlobalSection
	GlobalSection(SolutionProperties) = preSolution
		HideSolutionNode = FALSE
	EndGlobalSection
	GlobalSection(ExtensibilityGlobals) = postSolution
		SolutionGuid = {4F3C0CF4-DFE8-4CB0-ACCB-6E0735E46C19}
	EndGlobalSection
EndGlobal
